
Microsoft Visual Studio Solution File, Format Version 12.00
# Visual Studio Version 16
VisualStudioVersion = 16.0.31410.357
MinimumVisualStudioVersion = 10.0.40219.1
Project("{9A19103F-16F7-4668-BE54-9A1E7A4F7556}") = "Classes", "Ver1.0\Classes\Classes.csproj", "{EC5A1C70-38A8-4CBC-83F3-6DCEABC13146}"
EndProject
Project("{2150E333-8FDC-42A3-9474-1A3956D46DE8}") = "Ver1.0", "Ver1.0", "{04849134-FC39-4995-B9F2-847419A3F728}"
EndProject
Project("{9A19103F-16F7-4668-BE54-9A1E7A4F7556}") = "Structs", "Ver1.0\Structs\Structs.csproj", "{B58F719C-A9F3-4C39-A1C3-EFC5CE8FFAC7}"
EndProject
Project("{9A19103F-16F7-4668-BE54-9A1E7A4F7556}") = "Interfaces", "Ver1.0\Interfaces\Interfaces.csproj", "{2021EE03-5C87-42D6-9161-CB1FBEE34EAB}"
EndProject
Project("{9A19103F-16F7-4668-BE54-9A1E7A4F7556}") = "Events", "Ver1.0\Events\Events.csproj", "{140326AB-2F41-45F7-AB31-8F6B70976375}"
EndProject
Project("{9A19103F-16F7-4668-BE54-9A1E7A4F7556}") = "Delegates", "Ver1.0\Delegates\Delegates.csproj", "{A126BDE6-6B83-4512-B0BA-0C1D6F553AA1}"
EndProject
Project("{9A19103F-16F7-4668-BE54-9A1E7A4F7556}") = "Attributes", "Ver1.0\Attributes\Attributes.csproj", "{CCF98E40-FFCC-4FEB-A1F8-84EA13761ECC}"
EndProject
Project("{2150E333-8FDC-42A3-9474-1A3956D46DE8}") = "Ver2.0", "Ver2.0", "{1027EA2F-B2D5-4CB6-9FC2-80B538E5BA92}"
EndProject
Project("{9A19103F-16F7-4668-BE54-9A1E7A4F7556}") = "Generics", "Ver2.0\Generics\Generics.csproj", "{C6C727B0-2698-4659-9535-080AF0ECC74F}"
EndProject
Project("{9A19103F-16F7-4668-BE54-9A1E7A4F7556}") = "PartialTypes", "Ver2.0\PartialTypes\PartialTypes.csproj", "{8054E7EB-5B01-49C1-B683-73656E6CBFFF}"
EndProject
Project("{9A19103F-16F7-4668-BE54-9A1E7A4F7556}") = "NullableValueTypes", "Ver2.0\NullableValueTypes\NullableValueTypes.csproj", "{B242CBCC-BBB1-469D-AF6B-11490CBB2DF0}"
EndProject
Project("{9A19103F-16F7-4668-BE54-9A1E7A4F7556}") = "Iterators", "Ver2.0\Iterators\Iterators.csproj", "{9AE89F1E-C514-485D-AAF9-8C502A17EC08}"
EndProject
Project("{9A19103F-16F7-4668-BE54-9A1E7A4F7556}") = "CovarianceAndContravariance", "Ver2.0\CovarianceAndContravariance\CovarianceAndContravariance.csproj", "{C7183AED-02BA-48EB-91E3-F99E31ED0281}"
EndProject
Project("{2150E333-8FDC-42A3-9474-1A3956D46DE8}") = "Ver3.0", "Ver3.0", "{708199C0-D495-4893-A50F-0ED69160CD8B}"
EndProject
Project("{FAE04EC0-301F-11D3-BF4B-00C04F79EFBC}") = "AutoImplementedProperties", "Ver3.0\AutoImplementedProperties\AutoImplementedProperties.csproj", "{92F78F7F-7EF8-41D6-AC55-1FA9982565B9}"
EndProject
Project("{FAE04EC0-301F-11D3-BF4B-00C04F79EFBC}") = "AnonymousTypes", "Ver3.0\AnonymousTypes\AnonymousTypes.csproj", "{4BCBCC26-5B0F-447D-B4D9-568D43226E59}"
EndProject
Project("{FAE04EC0-301F-11D3-BF4B-00C04F79EFBC}") = "LINQ", "Ver3.0\LINQ\LINQ.csproj", "{953B850C-825B-4723-AB36-FC98C83DB81B}"
EndProject
Project("{FAE04EC0-301F-11D3-BF4B-00C04F79EFBC}") = "Lambda", "Ver3.0\Lambda\Lambda.csproj", "{60D214D1-6EB5-4D6C-A6CA-6BB9AF4B58DE}"
EndProject
Project("{FAE04EC0-301F-11D3-BF4B-00C04F79EFBC}") = "ExpressionTrees(Todo)", "Ver3.0\ExpressionTrees\ExpressionTrees(Todo).csproj", "{10A5E044-E0D1-425C-89B7-704E3B6F7F4A}"
EndProject
Project("{FAE04EC0-301F-11D3-BF4B-00C04F79EFBC}") = "ExtensionMethods", "Ver3.0\ExtensionMethods\ExtensionMethods.csproj", "{16756E16-2C66-480C-98B8-96DEC0E345D2}"
EndProject
Project("{FAE04EC0-301F-11D3-BF4B-00C04F79EFBC}") = "ImplicitlyTypedLocalVariables", "Ver3.0\ImplicitlyTypedLocalVariables\ImplicitlyTypedLocalVariables.csproj", "{67AA73B1-7B04-4C45-8746-B61BC1F55B9C}"
EndProject
Project("{FAE04EC0-301F-11D3-BF4B-00C04F79EFBC}") = "PartialMethods", "Ver3.0\PartialMethods\PartialMethods.csproj", "{7EF14452-4173-4A1C-969F-210D4F4E638C}"
EndProject
Global
	GlobalSection(SolutionConfigurationPlatforms) = preSolution
		Debug|Any CPU = Debug|Any CPU
		Release|Any CPU = Release|Any CPU
	EndGlobalSection
	GlobalSection(ProjectConfigurationPlatforms) = postSolution
		{EC5A1C70-38A8-4CBC-83F3-6DCEABC13146}.Debug|Any CPU.ActiveCfg = Debug|Any CPU
		{EC5A1C70-38A8-4CBC-83F3-6DCEABC13146}.Debug|Any CPU.Build.0 = Debug|Any CPU
		{EC5A1C70-38A8-4CBC-83F3-6DCEABC13146}.Release|Any CPU.ActiveCfg = Release|Any CPU
		{EC5A1C70-38A8-4CBC-83F3-6DCEABC13146}.Release|Any CPU.Build.0 = Release|Any CPU
		{B58F719C-A9F3-4C39-A1C3-EFC5CE8FFAC7}.Debug|Any CPU.ActiveCfg = Debug|Any CPU
		{B58F719C-A9F3-4C39-A1C3-EFC5CE8FFAC7}.Debug|Any CPU.Build.0 = Debug|Any CPU
		{B58F719C-A9F3-4C39-A1C3-EFC5CE8FFAC7}.Release|Any CPU.ActiveCfg = Release|Any CPU
		{B58F719C-A9F3-4C39-A1C3-EFC5CE8FFAC7}.Release|Any CPU.Build.0 = Release|Any CPU
		{2021EE03-5C87-42D6-9161-CB1FBEE34EAB}.Debug|Any CPU.ActiveCfg = Debug|Any CPU
		{2021EE03-5C87-42D6-9161-CB1FBEE34EAB}.Debug|Any CPU.Build.0 = Debug|Any CPU
		{2021EE03-5C87-42D6-9161-CB1FBEE34EAB}.Release|Any CPU.ActiveCfg = Release|Any CPU
		{2021EE03-5C87-42D6-9161-CB1FBEE34EAB}.Release|Any CPU.Build.0 = Release|Any CPU
		{140326AB-2F41-45F7-AB31-8F6B70976375}.Debug|Any CPU.ActiveCfg = Debug|Any CPU
		{140326AB-2F41-45F7-AB31-8F6B70976375}.Debug|Any CPU.Build.0 = Debug|Any CPU
		{140326AB-2F41-45F7-AB31-8F6B70976375}.Release|Any CPU.ActiveCfg = Release|Any CPU
		{140326AB-2F41-45F7-AB31-8F6B70976375}.Release|Any CPU.Build.0 = Release|Any CPU
		{A126BDE6-6B83-4512-B0BA-0C1D6F553AA1}.Debug|Any CPU.ActiveCfg = Debug|Any CPU
		{A126BDE6-6B83-4512-B0BA-0C1D6F553AA1}.Debug|Any CPU.Build.0 = Debug|Any CPU
		{A126BDE6-6B83-4512-B0BA-0C1D6F553AA1}.Release|Any CPU.ActiveCfg = Release|Any CPU
		{A126BDE6-6B83-4512-B0BA-0C1D6F553AA1}.Release|Any CPU.Build.0 = Release|Any CPU
		{CCF98E40-FFCC-4FEB-A1F8-84EA13761ECC}.Debug|Any CPU.ActiveCfg = Debug|Any CPU
		{CCF98E40-FFCC-4FEB-A1F8-84EA13761ECC}.Debug|Any CPU.Build.0 = Debug|Any CPU
		{CCF98E40-FFCC-4FEB-A1F8-84EA13761ECC}.Release|Any CPU.ActiveCfg = Release|Any CPU
		{CCF98E40-FFCC-4FEB-A1F8-84EA13761ECC}.Release|Any CPU.Build.0 = Release|Any CPU
		{C6C727B0-2698-4659-9535-080AF0ECC74F}.Debug|Any CPU.ActiveCfg = Debug|Any CPU
		{C6C727B0-2698-4659-9535-080AF0ECC74F}.Debug|Any CPU.Build.0 = Debug|Any CPU
		{C6C727B0-2698-4659-9535-080AF0ECC74F}.Release|Any CPU.ActiveCfg = Release|Any CPU
		{C6C727B0-2698-4659-9535-080AF0ECC74F}.Release|Any CPU.Build.0 = Release|Any CPU
		{8054E7EB-5B01-49C1-B683-73656E6CBFFF}.Debug|Any CPU.ActiveCfg = Debug|Any CPU
		{8054E7EB-5B01-49C1-B683-73656E6CBFFF}.Debug|Any CPU.Build.0 = Debug|Any CPU
		{8054E7EB-5B01-49C1-B683-73656E6CBFFF}.Release|Any CPU.ActiveCfg = Release|Any CPU
		{8054E7EB-5B01-49C1-B683-73656E6CBFFF}.Release|Any CPU.Build.0 = Release|Any CPU
		{B242CBCC-BBB1-469D-AF6B-11490CBB2DF0}.Debug|Any CPU.ActiveCfg = Debug|Any CPU
		{B242CBCC-BBB1-469D-AF6B-11490CBB2DF0}.Debug|Any CPU.Build.0 = Debug|Any CPU
		{B242CBCC-BBB1-469D-AF6B-11490CBB2DF0}.Release|Any CPU.ActiveCfg = Release|Any CPU
		{B242CBCC-BBB1-469D-AF6B-11490CBB2DF0}.Release|Any CPU.Build.0 = Release|Any CPU
		{9AE89F1E-C514-485D-AAF9-8C502A17EC08}.Debug|Any CPU.ActiveCfg = Debug|Any CPU
		{9AE89F1E-C514-485D-AAF9-8C502A17EC08}.Debug|Any CPU.Build.0 = Debug|Any CPU
		{9AE89F1E-C514-485D-AAF9-8C502A17EC08}.Release|Any CPU.ActiveCfg = Release|Any CPU
		{9AE89F1E-C514-485D-AAF9-8C502A17EC08}.Release|Any CPU.Build.0 = Release|Any CPU
		{C7183AED-02BA-48EB-91E3-F99E31ED0281}.Debug|Any CPU.ActiveCfg = Debug|Any CPU
		{C7183AED-02BA-48EB-91E3-F99E31ED0281}.Debug|Any CPU.Build.0 = Debug|Any CPU
		{C7183AED-02BA-48EB-91E3-F99E31ED0281}.Release|Any CPU.ActiveCfg = Release|Any CPU
		{C7183AED-02BA-48EB-91E3-F99E31ED0281}.Release|Any CPU.Build.0 = Release|Any CPU
		{92F78F7F-7EF8-41D6-AC55-1FA9982565B9}.Debug|Any CPU.ActiveCfg = Debug|Any CPU
		{92F78F7F-7EF8-41D6-AC55-1FA9982565B9}.Debug|Any CPU.Build.0 = Debug|Any CPU
		{92F78F7F-7EF8-41D6-AC55-1FA9982565B9}.Release|Any CPU.ActiveCfg = Release|Any CPU
		{92F78F7F-7EF8-41D6-AC55-1FA9982565B9}.Release|Any CPU.Build.0 = Release|Any CPU
		{4BCBCC26-5B0F-447D-B4D9-568D43226E59}.Debug|Any CPU.ActiveCfg = Debug|Any CPU
		{4BCBCC26-5B0F-447D-B4D9-568D43226E59}.Debug|Any CPU.Build.0 = Debug|Any CPU
		{4BCBCC26-5B0F-447D-B4D9-568D43226E59}.Release|Any CPU.ActiveCfg = Release|Any CPU
		{4BCBCC26-5B0F-447D-B4D9-568D43226E59}.Release|Any CPU.Build.0 = Release|Any CPU
		{953B850C-825B-4723-AB36-FC98C83DB81B}.Debug|Any CPU.ActiveCfg = Debug|Any CPU
		{953B850C-825B-4723-AB36-FC98C83DB81B}.Debug|Any CPU.Build.0 = Debug|Any CPU
		{953B850C-825B-4723-AB36-FC98C83DB81B}.Release|Any CPU.ActiveCfg = Release|Any CPU
		{953B850C-825B-4723-AB36-FC98C83DB81B}.Release|Any CPU.Build.0 = Release|Any CPU
		{60D214D1-6EB5-4D6C-A6CA-6BB9AF4B58DE}.Debug|Any CPU.ActiveCfg = Debug|Any CPU
		{60D214D1-6EB5-4D6C-A6CA-6BB9AF4B58DE}.Debug|Any CPU.Build.0 = Debug|Any CPU
		{60D214D1-6EB5-4D6C-A6CA-6BB9AF4B58DE}.Release|Any CPU.ActiveCfg = Release|Any CPU
		{60D214D1-6EB5-4D6C-A6CA-6BB9AF4B58DE}.Release|Any CPU.Build.0 = Release|Any CPU
		{10A5E044-E0D1-425C-89B7-704E3B6F7F4A}.Debug|Any CPU.ActiveCfg = Debug|Any CPU
		{10A5E044-E0D1-425C-89B7-704E3B6F7F4A}.Debug|Any CPU.Build.0 = Debug|Any CPU
		{10A5E044-E0D1-425C-89B7-704E3B6F7F4A}.Release|Any CPU.ActiveCfg = Release|Any CPU
		{10A5E044-E0D1-425C-89B7-704E3B6F7F4A}.Release|Any CPU.Build.0 = Release|Any CPU
		{16756E16-2C66-480C-98B8-96DEC0E345D2}.Debug|Any CPU.ActiveCfg = Debug|Any CPU
		{16756E16-2C66-480C-98B8-96DEC0E345D2}.Debug|Any CPU.Build.0 = Debug|Any CPU
		{16756E16-2C66-480C-98B8-96DEC0E345D2}.Release|Any CPU.ActiveCfg = Release|Any CPU
		{16756E16-2C66-480C-98B8-96DEC0E345D2}.Release|Any CPU.Build.0 = Release|Any CPU
		{67AA73B1-7B04-4C45-8746-B61BC1F55B9C}.Debug|Any CPU.ActiveCfg = Debug|Any CPU
		{67AA73B1-7B04-4C45-8746-B61BC1F55B9C}.Debug|Any CPU.Build.0 = Debug|Any CPU
		{67AA73B1-7B04-4C45-8746-B61BC1F55B9C}.Release|Any CPU.ActiveCfg = Release|Any CPU
		{67AA73B1-7B04-4C45-8746-B61BC1F55B9C}.Release|Any CPU.Build.0 = Release|Any CPU
		{7EF14452-4173-4A1C-969F-210D4F4E638C}.Debug|Any CPU.ActiveCfg = Debug|Any CPU
		{7EF14452-4173-4A1C-969F-210D4F4E638C}.Debug|Any CPU.Build.0 = Debug|Any CPU
		{7EF14452-4173-4A1C-969F-210D4F4E638C}.Release|Any CPU.ActiveCfg = Release|Any CPU
		{7EF14452-4173-4A1C-969F-210D4F4E638C}.Release|Any CPU.Build.0 = Release|Any CPU
	EndGlobalSection
	GlobalSection(SolutionProperties) = preSolution
		HideSolutionNode = FALSE
	EndGlobalSection
	GlobalSection(NestedProjects) = preSolution
		{EC5A1C70-38A8-4CBC-83F3-6DCEABC13146} = {04849134-FC39-4995-B9F2-847419A3F728}
		{B58F719C-A9F3-4C39-A1C3-EFC5CE8FFAC7} = {04849134-FC39-4995-B9F2-847419A3F728}
		{2021EE03-5C87-42D6-9161-CB1FBEE34EAB} = {04849134-FC39-4995-B9F2-847419A3F728}
		{140326AB-2F41-45F7-AB31-8F6B70976375} = {04849134-FC39-4995-B9F2-847419A3F728}
		{A126BDE6-6B83-4512-B0BA-0C1D6F553AA1} = {04849134-FC39-4995-B9F2-847419A3F728}
		{CCF98E40-FFCC-4FEB-A1F8-84EA13761ECC} = {04849134-FC39-4995-B9F2-847419A3F728}
		{C6C727B0-2698-4659-9535-080AF0ECC74F} = {1027EA2F-B2D5-4CB6-9FC2-80B538E5BA92}
		{8054E7EB-5B01-49C1-B683-73656E6CBFFF} = {1027EA2F-B2D5-4CB6-9FC2-80B538E5BA92}
		{B242CBCC-BBB1-469D-AF6B-11490CBB2DF0} = {1027EA2F-B2D5-4CB6-9FC2-80B538E5BA92}
		{9AE89F1E-C514-485D-AAF9-8C502A17EC08} = {1027EA2F-B2D5-4CB6-9FC2-80B538E5BA92}
		{C7183AED-02BA-48EB-91E3-F99E31ED0281} = {1027EA2F-B2D5-4CB6-9FC2-80B538E5BA92}
		{92F78F7F-7EF8-41D6-AC55-1FA9982565B9} = {708199C0-D495-4893-A50F-0ED69160CD8B}
		{4BCBCC26-5B0F-447D-B4D9-568D43226E59} = {708199C0-D495-4893-A50F-0ED69160CD8B}
		{953B850C-825B-4723-AB36-FC98C83DB81B} = {708199C0-D495-4893-A50F-0ED69160CD8B}
		{60D214D1-6EB5-4D6C-A6CA-6BB9AF4B58DE} = {708199C0-D495-4893-A50F-0ED69160CD8B}
		{10A5E044-E0D1-425C-89B7-704E3B6F7F4A} = {708199C0-D495-4893-A50F-0ED69160CD8B}
		{16756E16-2C66-480C-98B8-96DEC0E345D2} = {708199C0-D495-4893-A50F-0ED69160CD8B}
		{67AA73B1-7B04-4C45-8746-B61BC1F55B9C} = {708199C0-D495-4893-A50F-0ED69160CD8B}
		{7EF14452-4173-4A1C-969F-210D4F4E638C} = {708199C0-D495-4893-A50F-0ED69160CD8B}
	EndGlobalSection
	GlobalSection(ExtensibilityGlobals) = postSolution
		SolutionGuid = {129E86E3-410D-4C4D-977A-308E85AD9C09}
	EndGlobalSection
EndGlobal
