
Microsoft Visual Studio Solution File, Format Version 12.00
# Visual Studio Version 16
VisualStudioVersion = 16.0.31410.357
MinimumVisualStudioVersion = 10.0.40219.1
Project("{9A19103F-16F7-4668-BE54-9A1E7A4F7556}") = "Classes", "Ver1.0\Classes\Classes.csproj", "{EC5A1C70-38A8-4CBC-83F3-6DCEABC13146}"
EndProject
Project("{2150E333-8FDC-42A3-9474-1A3956D46DE8}") = "Ver1.0", "Ver1.0", "{04849134-FC39-4995-B9F2-847419A3F728}"
EndProject
Project("{9A19103F-16F7-4668-BE54-9A1E7A4F7556}") = "Structs", "Ver1.0\Structs\Structs.csproj", "{B58F719C-A9F3-4C39-A1C3-EFC5CE8FFAC7}"
EndProject
Project("{9A19103F-16F7-4668-BE54-9A1E7A4F7556}") = "Interfaces", "Ver1.0\Interfaces\Interfaces.csproj", "{2021EE03-5C87-42D6-9161-CB1FBEE34EAB}"
EndProject
Project("{9A19103F-16F7-4668-BE54-9A1E7A4F7556}") = "Events", "Ver1.0\Events\Events.csproj", "{140326AB-2F41-45F7-AB31-8F6B70976375}"
EndProject
Project("{9A19103F-16F7-4668-BE54-9A1E7A4F7556}") = "Delegates", "Ver1.0\Delegates\Delegates.csproj", "{A126BDE6-6B83-4512-B0BA-0C1D6F553AA1}"
EndProject
Project("{9A19103F-16F7-4668-BE54-9A1E7A4F7556}") = "Attributes", "Ver1.0\Attributes\Attributes.csproj", "{CCF98E40-FFCC-4FEB-A1F8-84EA13761ECC}"
EndProject
Project("{2150E333-8FDC-42A3-9474-1A3956D46DE8}") = "Ver2.0", "Ver2.0", "{1027EA2F-B2D5-4CB6-9FC2-80B538E5BA92}"
EndProject
Project("{9A19103F-16F7-4668-BE54-9A1E7A4F7556}") = "Generics", "Ver2.0\Generics\Generics.csproj", "{C6C727B0-2698-4659-9535-080AF0ECC74F}"
EndProject
Project("{9A19103F-16F7-4668-BE54-9A1E7A4F7556}") = "PartialTypes", "Ver2.0\PartialTypes\PartialTypes.csproj", "{8054E7EB-5B01-49C1-B683-73656E6CBFFF}"
EndProject
Project("{9A19103F-16F7-4668-BE54-9A1E7A4F7556}") = "NullableValueTypes", "Ver2.0\NullableValueTypes\NullableValueTypes.csproj", "{B242CBCC-BBB1-469D-AF6B-11490CBB2DF0}"
EndProject
Project("{9A19103F-16F7-4668-BE54-9A1E7A4F7556}") = "Iterators", "Ver2.0\Iterators\Iterators.csproj", "{9AE89F1E-C514-485D-AAF9-8C502A17EC08}"
EndProject
Project("{9A19103F-16F7-4668-BE54-9A1E7A4F7556}") = "CovarianceAndContravariance", "Ver2.0\CovarianceAndContravariance\CovarianceAndContravariance.csproj", "{C7183AED-02BA-48EB-91E3-F99E31ED0281}"
EndProject
Project("{2150E333-8FDC-42A3-9474-1A3956D46DE8}") = "Ver3.0", "Ver3.0", "{708199C0-D495-4893-A50F-0ED69160CD8B}"
EndProject
Project("{9A19103F-16F7-4668-BE54-9A1E7A4F7556}") = "AutoImplementedProperties", "Ver3.0\AutoImplementedProperties\AutoImplementedProperties.csproj", "{92F78F7F-7EF8-41D6-AC55-1FA9982565B9}"
EndProject
Project("{9A19103F-16F7-4668-BE54-9A1E7A4F7556}") = "AnonymousTypes", "Ver3.0\AnonymousTypes\AnonymousTypes.csproj", "{4BCBCC26-5B0F-447D-B4D9-568D43226E59}"
EndProject
Project("{9A19103F-16F7-4668-BE54-9A1E7A4F7556}") = "LINQ", "Ver3.0\LINQ\LINQ.csproj", "{953B850C-825B-4723-AB36-FC98C83DB81B}"
EndProject
Project("{9A19103F-16F7-4668-BE54-9A1E7A4F7556}") = "Lambda", "Ver3.0\Lambda\Lambda.csproj", "{60D214D1-6EB5-4D6C-A6CA-6BB9AF4B58DE}"
EndProject
Project("{9A19103F-16F7-4668-BE54-9A1E7A4F7556}") = "ExpressionTrees(Todo)", "Ver3.0\ExpressionTrees\ExpressionTrees(Todo).csproj", "{10A5E044-E0D1-425C-89B7-704E3B6F7F4A}"
EndProject
Project("{9A19103F-16F7-4668-BE54-9A1E7A4F7556}") = "ExtensionMethods", "Ver3.0\ExtensionMethods\ExtensionMethods.csproj", "{16756E16-2C66-480C-98B8-96DEC0E345D2}"
EndProject
Project("{9A19103F-16F7-4668-BE54-9A1E7A4F7556}") = "ImplicitlyTypedLocalVariables", "Ver3.0\ImplicitlyTypedLocalVariables\ImplicitlyTypedLocalVariables.csproj", "{67AA73B1-7B04-4C45-8746-B61BC1F55B9C}"
EndProject
Project("{9A19103F-16F7-4668-BE54-9A1E7A4F7556}") = "PartialMethods", "Ver3.0\PartialMethods\PartialMethods.csproj", "{7EF14452-4173-4A1C-969F-210D4F4E638C}"
EndProject
Project("{9A19103F-16F7-4668-BE54-9A1E7A4F7556}") = "ObjectAndCollectionInitializers", "Ver3.0\ObjectAndCollectionInitializers\ObjectAndCollectionInitializers.csproj", "{12020035-2434-42C6-B773-D302E02CEC64}"
EndProject
Project("{2150E333-8FDC-42A3-9474-1A3956D46DE8}") = "Ver4.0", "Ver4.0", "{71F9CAEE-BEE5-4EB6-B6EF-5E717C7F23E9}"
EndProject
Project("{9A19103F-16F7-4668-BE54-9A1E7A4F7556}") = "DynamicTypes", "Ver4.0\DynamicTypes\DynamicTypes.csproj", "{6704E09D-AD1D-4780-8C08-3C5A03D1B93C}"
EndProject
Project("{9A19103F-16F7-4668-BE54-9A1E7A4F7556}") = "NamedArguments", "Ver4.0\NamedArguments\NamedArguments.csproj", "{6197BFDA-6F00-44B3-810D-2DE04D0ADA9A}"
EndProject
Project("{9A19103F-16F7-4668-BE54-9A1E7A4F7556}") = "OptionalArguments", "Ver4.0\OptionalArguments\OptionalArguments.csproj", "{23C06EA2-9A93-461E-9CD8-836FE2071DE9}"
EndProject
Project("{9A19103F-16F7-4668-BE54-9A1E7A4F7556}") = "GenericCovariantAndContravariant", "Ver4.0\GenericCovariantAndContravariant\GenericCovariantAndContravariant.csproj", "{1635D19B-CA4C-4F43-B170-506057D78008}"
EndProject
Project("{9A19103F-16F7-4668-BE54-9A1E7A4F7556}") = "EmbeddedInteropTypes(Todo)", "Ver4.0\EmbeddedInteropTypes(Todo)\EmbeddedInteropTypes(Todo).csproj", "{94D86157-A49D-4AA1-BA47-98AC0C0E87CD}"
EndProject
Project("{2150E333-8FDC-42A3-9474-1A3956D46DE8}") = "Ver5.0", "Ver5.0", "{9DFA2AF8-A8B5-4CBD-AB26-DA4AD68E521B}"
EndProject
Project("{9A19103F-16F7-4668-BE54-9A1E7A4F7556}") = "CallerInfoAttributes", "Ver5.0\CallerInfoAttributes\CallerInfoAttributes.csproj", "{319733AE-E3D7-4F44-90C0-079085523FC1}"
EndProject
Project("{9A19103F-16F7-4668-BE54-9A1E7A4F7556}") = "AsynchronousMembers", "Ver5.0\AsynchronousMembers\AsynchronousMembers.csproj", "{C85BC8F4-A5CA-4061-BD18-95231C65A460}"
EndProject
Project("{2150E333-8FDC-42A3-9474-1A3956D46DE8}") = "Ver6.0", "Ver6.0", "{5FCC1632-1CAC-421D-930A-F710CF86719E}"
EndProject
Project("{9A19103F-16F7-4668-BE54-9A1E7A4F7556}") = "StaticImports", "Ver6.0\StaticImports\StaticImports.csproj", "{26D120A0-D2AC-4C28-8D49-00C195D4AC4B}"
EndProject
Project("{2150E333-8FDC-42A3-9474-1A3956D46DE8}") = "Solution Items", "Solution Items", "{FED9CCEE-2582-4A10-892D-DC4F2E633EAC}"
	ProjectSection(SolutionItems) = preProject
		README.md = README.md
	EndProjectSection
EndProject
Project("{9A19103F-16F7-4668-BE54-9A1E7A4F7556}") = "ExceptionFilters", "Ver6.0\ExceptionFilters\ExceptionFilters.csproj", "{7AA28F50-C0B0-4F9B-9FAC-2DCBC66F708F}"
EndProject
Project("{9A19103F-16F7-4668-BE54-9A1E7A4F7556}") = "AutoPropertyInitializers", "Ver6.0\AutoPropertyInitializers\AutoPropertyInitializers.csproj", "{2F245F00-ADE4-46AA-A8A7-4D43FDD6FEE0}"
EndProject
Project("{9A19103F-16F7-4668-BE54-9A1E7A4F7556}") = "ExpressionBodiedMembers", "Ver6.0\ExpressionBodiedMembers\ExpressionBodiedMembers.csproj", "{78FE9275-AFBB-4C0D-B737-7AAF130762DA}"
EndProject
Project("{9A19103F-16F7-4668-BE54-9A1E7A4F7556}") = "NullPropagator", "Ver6.0\NullPropagator\NullPropagator.csproj", "{42EEF95D-D259-40CA-820D-6B388EFAB673}"
EndProject
Project("{9A19103F-16F7-4668-BE54-9A1E7A4F7556}") = "StringInterpolation", "Ver6.0\StringInterpolation\StringInterpolation.csproj", "{8C622542-E2D2-4A1D-AB23-F2F7135F8CEB}"
EndProject
Project("{9A19103F-16F7-4668-BE54-9A1E7A4F7556}") = "NameOf", "Ver6.0\NameOf\NameOf.csproj", "{5CF3CC3E-4D75-4145-A36E-E385CF2B603C}"
EndProject
Project("{9A19103F-16F7-4668-BE54-9A1E7A4F7556}") = "IndexInitializers", "Ver6.0\IndexInitializers\IndexInitializers.csproj", "{33520A32-0625-43C4-A8D2-70A63A1EB1F8}"
EndProject
Project("{2150E333-8FDC-42A3-9474-1A3956D46DE8}") = "Ver7.0", "Ver7.0", "{7B69AC80-B0E1-4635-BC23-3416BC8F54DD}"
EndProject
Project("{9A19103F-16F7-4668-BE54-9A1E7A4F7556}") = "OutVariables", "Ver7.0\OutVariables\OutVariables.csproj", "{7CC1466A-BD09-4FA3-B4A3-8DE525B28722}"
EndProject
Project("{9A19103F-16F7-4668-BE54-9A1E7A4F7556}") = "TuplesAndDiscards", "Ver7.0\TuplesAndDiscards\TuplesAndDiscards.csproj", "{D478F365-05D5-4DF4-BD0D-C41ADF08FF6A}"
EndProject
Project("{9A19103F-16F7-4668-BE54-9A1E7A4F7556}") = "PatternMatching", "Ver7.0\PatternMatching\PatternMatching.csproj", "{10E172D9-8B54-41A2-BFC0-25EEE48DA79B}"
EndProject
Project("{9A19103F-16F7-4668-BE54-9A1E7A4F7556}") = "LocalFunctions", "Ver7.0\LocalFunctions\LocalFunctions.csproj", "{1CF94A40-3635-49EC-84D4-72CA29FC0F89}"
EndProject
Project("{9A19103F-16F7-4668-BE54-9A1E7A4F7556}") = "MoreExpressionBodiedMembers", "Ver7.0\MoreExpressionBodiedMembers\MoreExpressionBodiedMembers.csproj", "{78FCE889-3140-4961-9E5F-9A1BEA931B73}"
EndProject
Project("{9A19103F-16F7-4668-BE54-9A1E7A4F7556}") = "RefLocalsAndReturns", "Ver7.0\RefLocalsAndReturns\RefLocalsAndReturns.csproj", "{CCDDC029-C96B-4EE7-B83D-F68D7A90B87B}"
EndProject
Project("{9A19103F-16F7-4668-BE54-9A1E7A4F7556}") = "ThrowExpressions", "Ver7.0\ThrowExpressions\ThrowExpressions.csproj", "{70105F88-C6FF-429A-A352-FF1E48CEBE68}"
EndProject
Project("{2150E333-8FDC-42A3-9474-1A3956D46DE8}") = "Ver7.1", "Ver7.1", "{B5979CCD-24AA-45CF-9448-1931C383DA37}"
EndProject
Project("{9A19103F-16F7-4668-BE54-9A1E7A4F7556}") = "AsyncMain", "Ver7.1\AsyncMain\AsyncMain.csproj", "{9F742447-2E52-4F78-8E2F-00379BD19BEA}"
EndProject
Project("{9A19103F-16F7-4668-BE54-9A1E7A4F7556}") = "DefaultLiteralExpressions", "Ver7.1\DefaultLiteralExpressions\DefaultLiteralExpressions.csproj", "{F213F0D8-12F1-45C9-A2E8-8A46BAFF7325}"
EndProject
Project("{9A19103F-16F7-4668-BE54-9A1E7A4F7556}") = "PatternMachingForGenericType", "Ver7.1\PatternMachingForGenericType\PatternMachingForGenericType.csproj", "{B9F97960-E4EA-448B-987D-8C4429BE0EB4}"
EndProject
Project("{9A19103F-16F7-4668-BE54-9A1E7A4F7556}") = "UnmanagedConstraints", "Ver7.3\UnmanagedConstraints\UnmanagedConstraints.csproj", "{7669D23B-5F55-46DD-B774-F380252D36F9}"
EndProject
Project("{2150E333-8FDC-42A3-9474-1A3956D46DE8}") = "Ver7.3", "Ver7.3", "{6AD82272-6C0F-4751-B03A-F023AAB7D9F0}"
EndProject
Project("{9A19103F-16F7-4668-BE54-9A1E7A4F7556}") = "TupleCompare", "Ver7.3\TupleCompare\TupleCompare.csproj", "{CEBFFA54-8699-4E2A-AB72-CDF80A962C0E}"
EndProject
Project("{2150E333-8FDC-42A3-9474-1A3956D46DE8}") = "Ver8.0", "Ver8.0", "{AC0CBC93-522B-4C19-A2C8-118074275E3B}"
EndProject
Project("{FAE04EC0-301F-11D3-BF4B-00C04F79EFBC}") = "DefaultInterfaceMethods", "Ver8.0\DefaultInterfaceMethods\DefaultInterfaceMethods.csproj", "{C46B7D37-A9FF-463B-850D-3C078E87DFF8}"
EndProject
Project("{FAE04EC0-301F-11D3-BF4B-00C04F79EFBC}") = "EnhancedPatternMatching", "Ver8.0\EnhancedPatternMatching\EnhancedPatternMatching.csproj", "{D946323C-7506-4D3F-A203-2FAC9C04AEEB}"
EndProject
Global
	GlobalSection(SolutionConfigurationPlatforms) = preSolution
		Debug|Any CPU = Debug|Any CPU
		Release|Any CPU = Release|Any CPU
	EndGlobalSection
	GlobalSection(ProjectConfigurationPlatforms) = postSolution
		{EC5A1C70-38A8-4CBC-83F3-6DCEABC13146}.Debug|Any CPU.ActiveCfg = Debug|Any CPU
		{EC5A1C70-38A8-4CBC-83F3-6DCEABC13146}.Debug|Any CPU.Build.0 = Debug|Any CPU
		{EC5A1C70-38A8-4CBC-83F3-6DCEABC13146}.Release|Any CPU.ActiveCfg = Release|Any CPU
		{EC5A1C70-38A8-4CBC-83F3-6DCEABC13146}.Release|Any CPU.Build.0 = Release|Any CPU
		{B58F719C-A9F3-4C39-A1C3-EFC5CE8FFAC7}.Debug|Any CPU.ActiveCfg = Debug|Any CPU
		{B58F719C-A9F3-4C39-A1C3-EFC5CE8FFAC7}.Debug|Any CPU.Build.0 = Debug|Any CPU
		{B58F719C-A9F3-4C39-A1C3-EFC5CE8FFAC7}.Release|Any CPU.ActiveCfg = Release|Any CPU
		{B58F719C-A9F3-4C39-A1C3-EFC5CE8FFAC7}.Release|Any CPU.Build.0 = Release|Any CPU
		{2021EE03-5C87-42D6-9161-CB1FBEE34EAB}.Debug|Any CPU.ActiveCfg = Debug|Any CPU
		{2021EE03-5C87-42D6-9161-CB1FBEE34EAB}.Debug|Any CPU.Build.0 = Debug|Any CPU
		{2021EE03-5C87-42D6-9161-CB1FBEE34EAB}.Release|Any CPU.ActiveCfg = Release|Any CPU
		{2021EE03-5C87-42D6-9161-CB1FBEE34EAB}.Release|Any CPU.Build.0 = Release|Any CPU
		{140326AB-2F41-45F7-AB31-8F6B70976375}.Debug|Any CPU.ActiveCfg = Debug|Any CPU
		{140326AB-2F41-45F7-AB31-8F6B70976375}.Debug|Any CPU.Build.0 = Debug|Any CPU
		{140326AB-2F41-45F7-AB31-8F6B70976375}.Release|Any CPU.ActiveCfg = Release|Any CPU
		{140326AB-2F41-45F7-AB31-8F6B70976375}.Release|Any CPU.Build.0 = Release|Any CPU
		{A126BDE6-6B83-4512-B0BA-0C1D6F553AA1}.Debug|Any CPU.ActiveCfg = Debug|Any CPU
		{A126BDE6-6B83-4512-B0BA-0C1D6F553AA1}.Debug|Any CPU.Build.0 = Debug|Any CPU
		{A126BDE6-6B83-4512-B0BA-0C1D6F553AA1}.Release|Any CPU.ActiveCfg = Release|Any CPU
		{A126BDE6-6B83-4512-B0BA-0C1D6F553AA1}.Release|Any CPU.Build.0 = Release|Any CPU
		{CCF98E40-FFCC-4FEB-A1F8-84EA13761ECC}.Debug|Any CPU.ActiveCfg = Debug|Any CPU
		{CCF98E40-FFCC-4FEB-A1F8-84EA13761ECC}.Debug|Any CPU.Build.0 = Debug|Any CPU
		{CCF98E40-FFCC-4FEB-A1F8-84EA13761ECC}.Release|Any CPU.ActiveCfg = Release|Any CPU
		{CCF98E40-FFCC-4FEB-A1F8-84EA13761ECC}.Release|Any CPU.Build.0 = Release|Any CPU
		{C6C727B0-2698-4659-9535-080AF0ECC74F}.Debug|Any CPU.ActiveCfg = Debug|Any CPU
		{C6C727B0-2698-4659-9535-080AF0ECC74F}.Debug|Any CPU.Build.0 = Debug|Any CPU
		{C6C727B0-2698-4659-9535-080AF0ECC74F}.Release|Any CPU.ActiveCfg = Release|Any CPU
		{C6C727B0-2698-4659-9535-080AF0ECC74F}.Release|Any CPU.Build.0 = Release|Any CPU
		{8054E7EB-5B01-49C1-B683-73656E6CBFFF}.Debug|Any CPU.ActiveCfg = Debug|Any CPU
		{8054E7EB-5B01-49C1-B683-73656E6CBFFF}.Debug|Any CPU.Build.0 = Debug|Any CPU
		{8054E7EB-5B01-49C1-B683-73656E6CBFFF}.Release|Any CPU.ActiveCfg = Release|Any CPU
		{8054E7EB-5B01-49C1-B683-73656E6CBFFF}.Release|Any CPU.Build.0 = Release|Any CPU
		{B242CBCC-BBB1-469D-AF6B-11490CBB2DF0}.Debug|Any CPU.ActiveCfg = Debug|Any CPU
		{B242CBCC-BBB1-469D-AF6B-11490CBB2DF0}.Debug|Any CPU.Build.0 = Debug|Any CPU
		{B242CBCC-BBB1-469D-AF6B-11490CBB2DF0}.Release|Any CPU.ActiveCfg = Release|Any CPU
		{B242CBCC-BBB1-469D-AF6B-11490CBB2DF0}.Release|Any CPU.Build.0 = Release|Any CPU
		{9AE89F1E-C514-485D-AAF9-8C502A17EC08}.Debug|Any CPU.ActiveCfg = Debug|Any CPU
		{9AE89F1E-C514-485D-AAF9-8C502A17EC08}.Debug|Any CPU.Build.0 = Debug|Any CPU
		{9AE89F1E-C514-485D-AAF9-8C502A17EC08}.Release|Any CPU.ActiveCfg = Release|Any CPU
		{9AE89F1E-C514-485D-AAF9-8C502A17EC08}.Release|Any CPU.Build.0 = Release|Any CPU
		{C7183AED-02BA-48EB-91E3-F99E31ED0281}.Debug|Any CPU.ActiveCfg = Debug|Any CPU
		{C7183AED-02BA-48EB-91E3-F99E31ED0281}.Debug|Any CPU.Build.0 = Debug|Any CPU
		{C7183AED-02BA-48EB-91E3-F99E31ED0281}.Release|Any CPU.ActiveCfg = Release|Any CPU
		{C7183AED-02BA-48EB-91E3-F99E31ED0281}.Release|Any CPU.Build.0 = Release|Any CPU
		{92F78F7F-7EF8-41D6-AC55-1FA9982565B9}.Debug|Any CPU.ActiveCfg = Debug|Any CPU
		{92F78F7F-7EF8-41D6-AC55-1FA9982565B9}.Debug|Any CPU.Build.0 = Debug|Any CPU
		{92F78F7F-7EF8-41D6-AC55-1FA9982565B9}.Release|Any CPU.ActiveCfg = Release|Any CPU
		{92F78F7F-7EF8-41D6-AC55-1FA9982565B9}.Release|Any CPU.Build.0 = Release|Any CPU
		{4BCBCC26-5B0F-447D-B4D9-568D43226E59}.Debug|Any CPU.ActiveCfg = Debug|Any CPU
		{4BCBCC26-5B0F-447D-B4D9-568D43226E59}.Debug|Any CPU.Build.0 = Debug|Any CPU
		{4BCBCC26-5B0F-447D-B4D9-568D43226E59}.Release|Any CPU.ActiveCfg = Release|Any CPU
		{4BCBCC26-5B0F-447D-B4D9-568D43226E59}.Release|Any CPU.Build.0 = Release|Any CPU
		{953B850C-825B-4723-AB36-FC98C83DB81B}.Debug|Any CPU.ActiveCfg = Debug|Any CPU
		{953B850C-825B-4723-AB36-FC98C83DB81B}.Debug|Any CPU.Build.0 = Debug|Any CPU
		{953B850C-825B-4723-AB36-FC98C83DB81B}.Release|Any CPU.ActiveCfg = Release|Any CPU
		{953B850C-825B-4723-AB36-FC98C83DB81B}.Release|Any CPU.Build.0 = Release|Any CPU
		{60D214D1-6EB5-4D6C-A6CA-6BB9AF4B58DE}.Debug|Any CPU.ActiveCfg = Debug|Any CPU
		{60D214D1-6EB5-4D6C-A6CA-6BB9AF4B58DE}.Debug|Any CPU.Build.0 = Debug|Any CPU
		{60D214D1-6EB5-4D6C-A6CA-6BB9AF4B58DE}.Release|Any CPU.ActiveCfg = Release|Any CPU
		{60D214D1-6EB5-4D6C-A6CA-6BB9AF4B58DE}.Release|Any CPU.Build.0 = Release|Any CPU
		{10A5E044-E0D1-425C-89B7-704E3B6F7F4A}.Debug|Any CPU.ActiveCfg = Debug|Any CPU
		{10A5E044-E0D1-425C-89B7-704E3B6F7F4A}.Debug|Any CPU.Build.0 = Debug|Any CPU
		{10A5E044-E0D1-425C-89B7-704E3B6F7F4A}.Release|Any CPU.ActiveCfg = Release|Any CPU
		{10A5E044-E0D1-425C-89B7-704E3B6F7F4A}.Release|Any CPU.Build.0 = Release|Any CPU
		{16756E16-2C66-480C-98B8-96DEC0E345D2}.Debug|Any CPU.ActiveCfg = Debug|Any CPU
		{16756E16-2C66-480C-98B8-96DEC0E345D2}.Debug|Any CPU.Build.0 = Debug|Any CPU
		{16756E16-2C66-480C-98B8-96DEC0E345D2}.Release|Any CPU.ActiveCfg = Release|Any CPU
		{16756E16-2C66-480C-98B8-96DEC0E345D2}.Release|Any CPU.Build.0 = Release|Any CPU
		{67AA73B1-7B04-4C45-8746-B61BC1F55B9C}.Debug|Any CPU.ActiveCfg = Debug|Any CPU
		{67AA73B1-7B04-4C45-8746-B61BC1F55B9C}.Debug|Any CPU.Build.0 = Debug|Any CPU
		{67AA73B1-7B04-4C45-8746-B61BC1F55B9C}.Release|Any CPU.ActiveCfg = Release|Any CPU
		{67AA73B1-7B04-4C45-8746-B61BC1F55B9C}.Release|Any CPU.Build.0 = Release|Any CPU
		{7EF14452-4173-4A1C-969F-210D4F4E638C}.Debug|Any CPU.ActiveCfg = Debug|Any CPU
		{7EF14452-4173-4A1C-969F-210D4F4E638C}.Debug|Any CPU.Build.0 = Debug|Any CPU
		{7EF14452-4173-4A1C-969F-210D4F4E638C}.Release|Any CPU.ActiveCfg = Release|Any CPU
		{7EF14452-4173-4A1C-969F-210D4F4E638C}.Release|Any CPU.Build.0 = Release|Any CPU
		{12020035-2434-42C6-B773-D302E02CEC64}.Debug|Any CPU.ActiveCfg = Debug|Any CPU
		{12020035-2434-42C6-B773-D302E02CEC64}.Debug|Any CPU.Build.0 = Debug|Any CPU
		{12020035-2434-42C6-B773-D302E02CEC64}.Release|Any CPU.ActiveCfg = Release|Any CPU
		{12020035-2434-42C6-B773-D302E02CEC64}.Release|Any CPU.Build.0 = Release|Any CPU
		{6704E09D-AD1D-4780-8C08-3C5A03D1B93C}.Debug|Any CPU.ActiveCfg = Debug|Any CPU
		{6704E09D-AD1D-4780-8C08-3C5A03D1B93C}.Debug|Any CPU.Build.0 = Debug|Any CPU
		{6704E09D-AD1D-4780-8C08-3C5A03D1B93C}.Release|Any CPU.ActiveCfg = Release|Any CPU
		{6704E09D-AD1D-4780-8C08-3C5A03D1B93C}.Release|Any CPU.Build.0 = Release|Any CPU
		{6197BFDA-6F00-44B3-810D-2DE04D0ADA9A}.Debug|Any CPU.ActiveCfg = Debug|Any CPU
		{6197BFDA-6F00-44B3-810D-2DE04D0ADA9A}.Debug|Any CPU.Build.0 = Debug|Any CPU
		{6197BFDA-6F00-44B3-810D-2DE04D0ADA9A}.Release|Any CPU.ActiveCfg = Release|Any CPU
		{6197BFDA-6F00-44B3-810D-2DE04D0ADA9A}.Release|Any CPU.Build.0 = Release|Any CPU
		{23C06EA2-9A93-461E-9CD8-836FE2071DE9}.Debug|Any CPU.ActiveCfg = Debug|Any CPU
		{23C06EA2-9A93-461E-9CD8-836FE2071DE9}.Debug|Any CPU.Build.0 = Debug|Any CPU
		{23C06EA2-9A93-461E-9CD8-836FE2071DE9}.Release|Any CPU.ActiveCfg = Release|Any CPU
		{23C06EA2-9A93-461E-9CD8-836FE2071DE9}.Release|Any CPU.Build.0 = Release|Any CPU
		{1635D19B-CA4C-4F43-B170-506057D78008}.Debug|Any CPU.ActiveCfg = Debug|Any CPU
		{1635D19B-CA4C-4F43-B170-506057D78008}.Debug|Any CPU.Build.0 = Debug|Any CPU
		{1635D19B-CA4C-4F43-B170-506057D78008}.Release|Any CPU.ActiveCfg = Release|Any CPU
		{1635D19B-CA4C-4F43-B170-506057D78008}.Release|Any CPU.Build.0 = Release|Any CPU
		{94D86157-A49D-4AA1-BA47-98AC0C0E87CD}.Debug|Any CPU.ActiveCfg = Debug|Any CPU
		{94D86157-A49D-4AA1-BA47-98AC0C0E87CD}.Debug|Any CPU.Build.0 = Debug|Any CPU
		{94D86157-A49D-4AA1-BA47-98AC0C0E87CD}.Release|Any CPU.ActiveCfg = Release|Any CPU
		{94D86157-A49D-4AA1-BA47-98AC0C0E87CD}.Release|Any CPU.Build.0 = Release|Any CPU
		{319733AE-E3D7-4F44-90C0-079085523FC1}.Debug|Any CPU.ActiveCfg = Debug|Any CPU
		{319733AE-E3D7-4F44-90C0-079085523FC1}.Debug|Any CPU.Build.0 = Debug|Any CPU
		{319733AE-E3D7-4F44-90C0-079085523FC1}.Release|Any CPU.ActiveCfg = Release|Any CPU
		{319733AE-E3D7-4F44-90C0-079085523FC1}.Release|Any CPU.Build.0 = Release|Any CPU
		{C85BC8F4-A5CA-4061-BD18-95231C65A460}.Debug|Any CPU.ActiveCfg = Debug|Any CPU
		{C85BC8F4-A5CA-4061-BD18-95231C65A460}.Debug|Any CPU.Build.0 = Debug|Any CPU
		{C85BC8F4-A5CA-4061-BD18-95231C65A460}.Release|Any CPU.ActiveCfg = Release|Any CPU
		{C85BC8F4-A5CA-4061-BD18-95231C65A460}.Release|Any CPU.Build.0 = Release|Any CPU
		{26D120A0-D2AC-4C28-8D49-00C195D4AC4B}.Debug|Any CPU.ActiveCfg = Debug|Any CPU
		{26D120A0-D2AC-4C28-8D49-00C195D4AC4B}.Debug|Any CPU.Build.0 = Debug|Any CPU
		{26D120A0-D2AC-4C28-8D49-00C195D4AC4B}.Release|Any CPU.ActiveCfg = Release|Any CPU
		{26D120A0-D2AC-4C28-8D49-00C195D4AC4B}.Release|Any CPU.Build.0 = Release|Any CPU
		{7AA28F50-C0B0-4F9B-9FAC-2DCBC66F708F}.Debug|Any CPU.ActiveCfg = Debug|Any CPU
		{7AA28F50-C0B0-4F9B-9FAC-2DCBC66F708F}.Debug|Any CPU.Build.0 = Debug|Any CPU
		{7AA28F50-C0B0-4F9B-9FAC-2DCBC66F708F}.Release|Any CPU.ActiveCfg = Release|Any CPU
		{7AA28F50-C0B0-4F9B-9FAC-2DCBC66F708F}.Release|Any CPU.Build.0 = Release|Any CPU
		{2F245F00-ADE4-46AA-A8A7-4D43FDD6FEE0}.Debug|Any CPU.ActiveCfg = Debug|Any CPU
		{2F245F00-ADE4-46AA-A8A7-4D43FDD6FEE0}.Debug|Any CPU.Build.0 = Debug|Any CPU
		{2F245F00-ADE4-46AA-A8A7-4D43FDD6FEE0}.Release|Any CPU.ActiveCfg = Release|Any CPU
		{2F245F00-ADE4-46AA-A8A7-4D43FDD6FEE0}.Release|Any CPU.Build.0 = Release|Any CPU
		{78FE9275-AFBB-4C0D-B737-7AAF130762DA}.Debug|Any CPU.ActiveCfg = Debug|Any CPU
		{78FE9275-AFBB-4C0D-B737-7AAF130762DA}.Debug|Any CPU.Build.0 = Debug|Any CPU
		{78FE9275-AFBB-4C0D-B737-7AAF130762DA}.Release|Any CPU.ActiveCfg = Release|Any CPU
		{78FE9275-AFBB-4C0D-B737-7AAF130762DA}.Release|Any CPU.Build.0 = Release|Any CPU
		{42EEF95D-D259-40CA-820D-6B388EFAB673}.Debug|Any CPU.ActiveCfg = Debug|Any CPU
		{42EEF95D-D259-40CA-820D-6B388EFAB673}.Debug|Any CPU.Build.0 = Debug|Any CPU
		{42EEF95D-D259-40CA-820D-6B388EFAB673}.Release|Any CPU.ActiveCfg = Release|Any CPU
		{42EEF95D-D259-40CA-820D-6B388EFAB673}.Release|Any CPU.Build.0 = Release|Any CPU
		{8C622542-E2D2-4A1D-AB23-F2F7135F8CEB}.Debug|Any CPU.ActiveCfg = Debug|Any CPU
		{8C622542-E2D2-4A1D-AB23-F2F7135F8CEB}.Debug|Any CPU.Build.0 = Debug|Any CPU
		{8C622542-E2D2-4A1D-AB23-F2F7135F8CEB}.Release|Any CPU.ActiveCfg = Release|Any CPU
		{8C622542-E2D2-4A1D-AB23-F2F7135F8CEB}.Release|Any CPU.Build.0 = Release|Any CPU
		{5CF3CC3E-4D75-4145-A36E-E385CF2B603C}.Debug|Any CPU.ActiveCfg = Debug|Any CPU
		{5CF3CC3E-4D75-4145-A36E-E385CF2B603C}.Debug|Any CPU.Build.0 = Debug|Any CPU
		{5CF3CC3E-4D75-4145-A36E-E385CF2B603C}.Release|Any CPU.ActiveCfg = Release|Any CPU
		{5CF3CC3E-4D75-4145-A36E-E385CF2B603C}.Release|Any CPU.Build.0 = Release|Any CPU
		{33520A32-0625-43C4-A8D2-70A63A1EB1F8}.Debug|Any CPU.ActiveCfg = Debug|Any CPU
		{33520A32-0625-43C4-A8D2-70A63A1EB1F8}.Debug|Any CPU.Build.0 = Debug|Any CPU
		{33520A32-0625-43C4-A8D2-70A63A1EB1F8}.Release|Any CPU.ActiveCfg = Release|Any CPU
		{33520A32-0625-43C4-A8D2-70A63A1EB1F8}.Release|Any CPU.Build.0 = Release|Any CPU
		{7CC1466A-BD09-4FA3-B4A3-8DE525B28722}.Debug|Any CPU.ActiveCfg = Debug|Any CPU
		{7CC1466A-BD09-4FA3-B4A3-8DE525B28722}.Debug|Any CPU.Build.0 = Debug|Any CPU
		{7CC1466A-BD09-4FA3-B4A3-8DE525B28722}.Release|Any CPU.ActiveCfg = Release|Any CPU
		{7CC1466A-BD09-4FA3-B4A3-8DE525B28722}.Release|Any CPU.Build.0 = Release|Any CPU
		{D478F365-05D5-4DF4-BD0D-C41ADF08FF6A}.Debug|Any CPU.ActiveCfg = Debug|Any CPU
		{D478F365-05D5-4DF4-BD0D-C41ADF08FF6A}.Debug|Any CPU.Build.0 = Debug|Any CPU
		{D478F365-05D5-4DF4-BD0D-C41ADF08FF6A}.Release|Any CPU.ActiveCfg = Release|Any CPU
		{D478F365-05D5-4DF4-BD0D-C41ADF08FF6A}.Release|Any CPU.Build.0 = Release|Any CPU
		{10E172D9-8B54-41A2-BFC0-25EEE48DA79B}.Debug|Any CPU.ActiveCfg = Debug|Any CPU
		{10E172D9-8B54-41A2-BFC0-25EEE48DA79B}.Debug|Any CPU.Build.0 = Debug|Any CPU
		{10E172D9-8B54-41A2-BFC0-25EEE48DA79B}.Release|Any CPU.ActiveCfg = Release|Any CPU
		{10E172D9-8B54-41A2-BFC0-25EEE48DA79B}.Release|Any CPU.Build.0 = Release|Any CPU
		{1CF94A40-3635-49EC-84D4-72CA29FC0F89}.Debug|Any CPU.ActiveCfg = Debug|Any CPU
		{1CF94A40-3635-49EC-84D4-72CA29FC0F89}.Debug|Any CPU.Build.0 = Debug|Any CPU
		{1CF94A40-3635-49EC-84D4-72CA29FC0F89}.Release|Any CPU.ActiveCfg = Release|Any CPU
		{1CF94A40-3635-49EC-84D4-72CA29FC0F89}.Release|Any CPU.Build.0 = Release|Any CPU
		{78FCE889-3140-4961-9E5F-9A1BEA931B73}.Debug|Any CPU.ActiveCfg = Debug|Any CPU
		{78FCE889-3140-4961-9E5F-9A1BEA931B73}.Debug|Any CPU.Build.0 = Debug|Any CPU
		{78FCE889-3140-4961-9E5F-9A1BEA931B73}.Release|Any CPU.ActiveCfg = Release|Any CPU
		{78FCE889-3140-4961-9E5F-9A1BEA931B73}.Release|Any CPU.Build.0 = Release|Any CPU
		{CCDDC029-C96B-4EE7-B83D-F68D7A90B87B}.Debug|Any CPU.ActiveCfg = Debug|Any CPU
		{CCDDC029-C96B-4EE7-B83D-F68D7A90B87B}.Debug|Any CPU.Build.0 = Debug|Any CPU
		{CCDDC029-C96B-4EE7-B83D-F68D7A90B87B}.Release|Any CPU.ActiveCfg = Release|Any CPU
		{CCDDC029-C96B-4EE7-B83D-F68D7A90B87B}.Release|Any CPU.Build.0 = Release|Any CPU
		{70105F88-C6FF-429A-A352-FF1E48CEBE68}.Debug|Any CPU.ActiveCfg = Debug|Any CPU
		{70105F88-C6FF-429A-A352-FF1E48CEBE68}.Debug|Any CPU.Build.0 = Debug|Any CPU
		{70105F88-C6FF-429A-A352-FF1E48CEBE68}.Release|Any CPU.ActiveCfg = Release|Any CPU
		{70105F88-C6FF-429A-A352-FF1E48CEBE68}.Release|Any CPU.Build.0 = Release|Any CPU
		{9F742447-2E52-4F78-8E2F-00379BD19BEA}.Debug|Any CPU.ActiveCfg = Debug|Any CPU
		{9F742447-2E52-4F78-8E2F-00379BD19BEA}.Debug|Any CPU.Build.0 = Debug|Any CPU
		{9F742447-2E52-4F78-8E2F-00379BD19BEA}.Release|Any CPU.ActiveCfg = Release|Any CPU
		{9F742447-2E52-4F78-8E2F-00379BD19BEA}.Release|Any CPU.Build.0 = Release|Any CPU
		{F213F0D8-12F1-45C9-A2E8-8A46BAFF7325}.Debug|Any CPU.ActiveCfg = Debug|Any CPU
		{F213F0D8-12F1-45C9-A2E8-8A46BAFF7325}.Debug|Any CPU.Build.0 = Debug|Any CPU
		{F213F0D8-12F1-45C9-A2E8-8A46BAFF7325}.Release|Any CPU.ActiveCfg = Release|Any CPU
		{F213F0D8-12F1-45C9-A2E8-8A46BAFF7325}.Release|Any CPU.Build.0 = Release|Any CPU
		{B9F97960-E4EA-448B-987D-8C4429BE0EB4}.Debug|Any CPU.ActiveCfg = Debug|Any CPU
		{B9F97960-E4EA-448B-987D-8C4429BE0EB4}.Debug|Any CPU.Build.0 = Debug|Any CPU
		{B9F97960-E4EA-448B-987D-8C4429BE0EB4}.Release|Any CPU.ActiveCfg = Release|Any CPU
		{B9F97960-E4EA-448B-987D-8C4429BE0EB4}.Release|Any CPU.Build.0 = Release|Any CPU
		{7669D23B-5F55-46DD-B774-F380252D36F9}.Debug|Any CPU.ActiveCfg = Debug|Any CPU
		{7669D23B-5F55-46DD-B774-F380252D36F9}.Debug|Any CPU.Build.0 = Debug|Any CPU
		{7669D23B-5F55-46DD-B774-F380252D36F9}.Release|Any CPU.ActiveCfg = Release|Any CPU
		{7669D23B-5F55-46DD-B774-F380252D36F9}.Release|Any CPU.Build.0 = Release|Any CPU
		{CEBFFA54-8699-4E2A-AB72-CDF80A962C0E}.Debug|Any CPU.ActiveCfg = Debug|Any CPU
		{CEBFFA54-8699-4E2A-AB72-CDF80A962C0E}.Debug|Any CPU.Build.0 = Debug|Any CPU
		{CEBFFA54-8699-4E2A-AB72-CDF80A962C0E}.Release|Any CPU.ActiveCfg = Release|Any CPU
		{CEBFFA54-8699-4E2A-AB72-CDF80A962C0E}.Release|Any CPU.Build.0 = Release|Any CPU
		{C46B7D37-A9FF-463B-850D-3C078E87DFF8}.Debug|Any CPU.ActiveCfg = Debug|Any CPU
		{C46B7D37-A9FF-463B-850D-3C078E87DFF8}.Debug|Any CPU.Build.0 = Debug|Any CPU
		{C46B7D37-A9FF-463B-850D-3C078E87DFF8}.Release|Any CPU.ActiveCfg = Release|Any CPU
		{C46B7D37-A9FF-463B-850D-3C078E87DFF8}.Release|Any CPU.Build.0 = Release|Any CPU
		{D946323C-7506-4D3F-A203-2FAC9C04AEEB}.Debug|Any CPU.ActiveCfg = Debug|Any CPU
		{D946323C-7506-4D3F-A203-2FAC9C04AEEB}.Debug|Any CPU.Build.0 = Debug|Any CPU
		{D946323C-7506-4D3F-A203-2FAC9C04AEEB}.Release|Any CPU.ActiveCfg = Release|Any CPU
		{D946323C-7506-4D3F-A203-2FAC9C04AEEB}.Release|Any CPU.Build.0 = Release|Any CPU
	EndGlobalSection
	GlobalSection(SolutionProperties) = preSolution
		HideSolutionNode = FALSE
	EndGlobalSection
	GlobalSection(NestedProjects) = preSolution
		{EC5A1C70-38A8-4CBC-83F3-6DCEABC13146} = {04849134-FC39-4995-B9F2-847419A3F728}
		{B58F719C-A9F3-4C39-A1C3-EFC5CE8FFAC7} = {04849134-FC39-4995-B9F2-847419A3F728}
		{2021EE03-5C87-42D6-9161-CB1FBEE34EAB} = {04849134-FC39-4995-B9F2-847419A3F728}
		{140326AB-2F41-45F7-AB31-8F6B70976375} = {04849134-FC39-4995-B9F2-847419A3F728}
		{A126BDE6-6B83-4512-B0BA-0C1D6F553AA1} = {04849134-FC39-4995-B9F2-847419A3F728}
		{CCF98E40-FFCC-4FEB-A1F8-84EA13761ECC} = {04849134-FC39-4995-B9F2-847419A3F728}
		{C6C727B0-2698-4659-9535-080AF0ECC74F} = {1027EA2F-B2D5-4CB6-9FC2-80B538E5BA92}
		{8054E7EB-5B01-49C1-B683-73656E6CBFFF} = {1027EA2F-B2D5-4CB6-9FC2-80B538E5BA92}
		{B242CBCC-BBB1-469D-AF6B-11490CBB2DF0} = {1027EA2F-B2D5-4CB6-9FC2-80B538E5BA92}
		{9AE89F1E-C514-485D-AAF9-8C502A17EC08} = {1027EA2F-B2D5-4CB6-9FC2-80B538E5BA92}
		{C7183AED-02BA-48EB-91E3-F99E31ED0281} = {1027EA2F-B2D5-4CB6-9FC2-80B538E5BA92}
		{92F78F7F-7EF8-41D6-AC55-1FA9982565B9} = {708199C0-D495-4893-A50F-0ED69160CD8B}
		{4BCBCC26-5B0F-447D-B4D9-568D43226E59} = {708199C0-D495-4893-A50F-0ED69160CD8B}
		{953B850C-825B-4723-AB36-FC98C83DB81B} = {708199C0-D495-4893-A50F-0ED69160CD8B}
		{60D214D1-6EB5-4D6C-A6CA-6BB9AF4B58DE} = {708199C0-D495-4893-A50F-0ED69160CD8B}
		{10A5E044-E0D1-425C-89B7-704E3B6F7F4A} = {708199C0-D495-4893-A50F-0ED69160CD8B}
		{16756E16-2C66-480C-98B8-96DEC0E345D2} = {708199C0-D495-4893-A50F-0ED69160CD8B}
		{67AA73B1-7B04-4C45-8746-B61BC1F55B9C} = {708199C0-D495-4893-A50F-0ED69160CD8B}
		{7EF14452-4173-4A1C-969F-210D4F4E638C} = {708199C0-D495-4893-A50F-0ED69160CD8B}
		{12020035-2434-42C6-B773-D302E02CEC64} = {708199C0-D495-4893-A50F-0ED69160CD8B}
		{6704E09D-AD1D-4780-8C08-3C5A03D1B93C} = {71F9CAEE-BEE5-4EB6-B6EF-5E717C7F23E9}
		{6197BFDA-6F00-44B3-810D-2DE04D0ADA9A} = {71F9CAEE-BEE5-4EB6-B6EF-5E717C7F23E9}
		{23C06EA2-9A93-461E-9CD8-836FE2071DE9} = {71F9CAEE-BEE5-4EB6-B6EF-5E717C7F23E9}
		{1635D19B-CA4C-4F43-B170-506057D78008} = {71F9CAEE-BEE5-4EB6-B6EF-5E717C7F23E9}
		{94D86157-A49D-4AA1-BA47-98AC0C0E87CD} = {71F9CAEE-BEE5-4EB6-B6EF-5E717C7F23E9}
		{319733AE-E3D7-4F44-90C0-079085523FC1} = {9DFA2AF8-A8B5-4CBD-AB26-DA4AD68E521B}
		{C85BC8F4-A5CA-4061-BD18-95231C65A460} = {9DFA2AF8-A8B5-4CBD-AB26-DA4AD68E521B}
		{26D120A0-D2AC-4C28-8D49-00C195D4AC4B} = {5FCC1632-1CAC-421D-930A-F710CF86719E}
		{7AA28F50-C0B0-4F9B-9FAC-2DCBC66F708F} = {5FCC1632-1CAC-421D-930A-F710CF86719E}
		{2F245F00-ADE4-46AA-A8A7-4D43FDD6FEE0} = {5FCC1632-1CAC-421D-930A-F710CF86719E}
		{78FE9275-AFBB-4C0D-B737-7AAF130762DA} = {5FCC1632-1CAC-421D-930A-F710CF86719E}
		{42EEF95D-D259-40CA-820D-6B388EFAB673} = {5FCC1632-1CAC-421D-930A-F710CF86719E}
		{8C622542-E2D2-4A1D-AB23-F2F7135F8CEB} = {5FCC1632-1CAC-421D-930A-F710CF86719E}
		{5CF3CC3E-4D75-4145-A36E-E385CF2B603C} = {5FCC1632-1CAC-421D-930A-F710CF86719E}
		{33520A32-0625-43C4-A8D2-70A63A1EB1F8} = {5FCC1632-1CAC-421D-930A-F710CF86719E}
		{7CC1466A-BD09-4FA3-B4A3-8DE525B28722} = {7B69AC80-B0E1-4635-BC23-3416BC8F54DD}
		{D478F365-05D5-4DF4-BD0D-C41ADF08FF6A} = {7B69AC80-B0E1-4635-BC23-3416BC8F54DD}
		{10E172D9-8B54-41A2-BFC0-25EEE48DA79B} = {7B69AC80-B0E1-4635-BC23-3416BC8F54DD}
		{1CF94A40-3635-49EC-84D4-72CA29FC0F89} = {7B69AC80-B0E1-4635-BC23-3416BC8F54DD}
		{78FCE889-3140-4961-9E5F-9A1BEA931B73} = {7B69AC80-B0E1-4635-BC23-3416BC8F54DD}
		{CCDDC029-C96B-4EE7-B83D-F68D7A90B87B} = {7B69AC80-B0E1-4635-BC23-3416BC8F54DD}
		{70105F88-C6FF-429A-A352-FF1E48CEBE68} = {7B69AC80-B0E1-4635-BC23-3416BC8F54DD}
		{9F742447-2E52-4F78-8E2F-00379BD19BEA} = {B5979CCD-24AA-45CF-9448-1931C383DA37}
		{F213F0D8-12F1-45C9-A2E8-8A46BAFF7325} = {B5979CCD-24AA-45CF-9448-1931C383DA37}
		{B9F97960-E4EA-448B-987D-8C4429BE0EB4} = {B5979CCD-24AA-45CF-9448-1931C383DA37}
		{7669D23B-5F55-46DD-B774-F380252D36F9} = {6AD82272-6C0F-4751-B03A-F023AAB7D9F0}
		{CEBFFA54-8699-4E2A-AB72-CDF80A962C0E} = {6AD82272-6C0F-4751-B03A-F023AAB7D9F0}
		{C46B7D37-A9FF-463B-850D-3C078E87DFF8} = {AC0CBC93-522B-4C19-A2C8-118074275E3B}
		{D946323C-7506-4D3F-A203-2FAC9C04AEEB} = {AC0CBC93-522B-4C19-A2C8-118074275E3B}
	EndGlobalSection
	GlobalSection(ExtensibilityGlobals) = postSolution
		SolutionGuid = {129E86E3-410D-4C4D-977A-308E85AD9C09}
	EndGlobalSection
EndGlobal
