
Microsoft Visual Studio Solution File, Format Version 12.00
# Visual Studio Version 17
VisualStudioVersion = 17.0.31410.414
MinimumVisualStudioVersion = 10.0.40219.1
Project("{9A19103F-16F7-4668-BE54-9A1E7A4F7556}") = "Classes", "Ver1.0\Classes\Classes.csproj", "{EC5A1C70-38A8-4CBC-83F3-6DCEABC13146}"
EndProject
Project("{2150E333-8FDC-42A3-9474-1A3956D46DE8}") = "Ver1.0", "Ver1.0", "{04849134-FC39-4995-B9F2-847419A3F728}"
EndProject
Global
	GlobalSection(SolutionConfigurationPlatforms) = preSolution
		Debug|Any CPU = Debug|Any CPU
		Release|Any CPU = Release|Any CPU
	EndGlobalSection
	GlobalSection(ProjectConfigurationPlatforms) = postSolution
		{EC5A1C70-38A8-4CBC-83F3-6DCEABC13146}.Debug|Any CPU.ActiveCfg = Debug|Any CPU
		{EC5A1C70-38A8-4CBC-83F3-6DCEABC13146}.Debug|Any CPU.Build.0 = Debug|Any CPU
		{EC5A1C70-38A8-4CBC-83F3-6DCEABC13146}.Release|Any CPU.ActiveCfg = Release|Any CPU
		{EC5A1C70-38A8-4CBC-83F3-6DCEABC13146}.Release|Any CPU.Build.0 = Release|Any CPU
	EndGlobalSection
	GlobalSection(SolutionProperties) = preSolution
		HideSolutionNode = FALSE
	EndGlobalSection
	GlobalSection(NestedProjects) = preSolution
		{EC5A1C70-38A8-4CBC-83F3-6DCEABC13146} = {04849134-FC39-4995-B9F2-847419A3F728}
	EndGlobalSection
	GlobalSection(ExtensibilityGlobals) = postSolution
		SolutionGuid = {129E86E3-410D-4C4D-977A-308E85AD9C09}
	EndGlobalSection
EndGlobal
